
Microsoft Visual Studio Solution File, Format Version 12.00
# Visual Studio Version 17
VisualStudioVersion = 17.6.33723.286
MinimumVisualStudioVersion = 10.0.40219.1
Project("{FAE04EC0-301F-11D3-BF4B-00C04F79EFBC}") = "PokemonGialloPiscio", "PokemonGialloPiscio\PokemonGialloPiscio.csproj", "{895510E7-A852-416B-A019-C2C163F16C62}"
EndProject
Global
	GlobalSection(SolutionConfigurationPlatforms) = preSolution
		Debug|Any CPU = Debug|Any CPU
		Release|Any CPU = Release|Any CPU
	EndGlobalSection
	GlobalSection(ProjectConfigurationPlatforms) = postSolution
		{895510E7-A852-416B-A019-C2C163F16C62}.Debug|Any CPU.ActiveCfg = Debug|Any CPU
		{895510E7-A852-416B-A019-C2C163F16C62}.Debug|Any CPU.Build.0 = Debug|Any CPU
		{895510E7-A852-416B-A019-C2C163F16C62}.Release|Any CPU.ActiveCfg = Release|Any CPU
		{895510E7-A852-416B-A019-C2C163F16C62}.Release|Any CPU.Build.0 = Release|Any CPU
	EndGlobalSection
	GlobalSection(SolutionProperties) = preSolution
		HideSolutionNode = FALSE
	EndGlobalSection
	GlobalSection(ExtensibilityGlobals) = postSolution
		SolutionGuid = {45A716D6-CECF-495F-A4AC-22F3EE23DA8C}
	EndGlobalSection
EndGlobal
